
Microsoft Visual Studio Solution File, Format Version 12.00
# Visual Studio Version 17
VisualStudioVersion = 17.8.34322.80
MinimumVisualStudioVersion = 10.0.40219.1
Project("{FAE04EC0-301F-11D3-BF4B-00C04F79EFBC}") = "ProxyWeather", "ProxyWeather\ProxyWeather.csproj", "{7CF8CF5A-C745-426F-88D0-0A535E2A2DBD}"
EndProject
Global
	GlobalSection(SolutionConfigurationPlatforms) = preSolution
		Debug|Any CPU = Debug|Any CPU
		Release|Any CPU = Release|Any CPU
	EndGlobalSection
	GlobalSection(ProjectConfigurationPlatforms) = postSolution
		{7CF8CF5A-C745-426F-88D0-0A535E2A2DBD}.Debug|Any CPU.ActiveCfg = Debug|Any CPU
		{7CF8CF5A-C745-426F-88D0-0A535E2A2DBD}.Debug|Any CPU.Build.0 = Debug|Any CPU
		{7CF8CF5A-C745-426F-88D0-0A535E2A2DBD}.Release|Any CPU.ActiveCfg = Release|Any CPU
		{7CF8CF5A-C745-426F-88D0-0A535E2A2DBD}.Release|Any CPU.Build.0 = Release|Any CPU
	EndGlobalSection
	GlobalSection(SolutionProperties) = preSolution
		HideSolutionNode = FALSE
	EndGlobalSection
	GlobalSection(ExtensibilityGlobals) = postSolution
		SolutionGuid = {B8690501-C8C8-4572-9238-887F0A7F86A2}
	EndGlobalSection
EndGlobal
